
Microsoft Visual Studio Solution File, Format Version 12.00
# Visual Studio Version 17
VisualStudioVersion = 17.11.35312.102
MinimumVisualStudioVersion = 10.0.40219.1
Project("{FAE04EC0-301F-11D3-BF4B-00C04F79EFBC}") = "Task10162024", "Task10162024\Task10162024.csproj", "{F1BBABAA-4354-43C0-A8C0-C57827F6E26C}"
EndProject
Global
	GlobalSection(SolutionConfigurationPlatforms) = preSolution
		Debug|Any CPU = Debug|Any CPU
		Release|Any CPU = Release|Any CPU
	EndGlobalSection
	GlobalSection(ProjectConfigurationPlatforms) = postSolution
		{F1BBABAA-4354-43C0-A8C0-C57827F6E26C}.Debug|Any CPU.ActiveCfg = Debug|Any CPU
		{F1BBABAA-4354-43C0-A8C0-C57827F6E26C}.Debug|Any CPU.Build.0 = Debug|Any CPU
		{F1BBABAA-4354-43C0-A8C0-C57827F6E26C}.Release|Any CPU.ActiveCfg = Release|Any CPU
		{F1BBABAA-4354-43C0-A8C0-C57827F6E26C}.Release|Any CPU.Build.0 = Release|Any CPU
	EndGlobalSection
	GlobalSection(SolutionProperties) = preSolution
		HideSolutionNode = FALSE
	EndGlobalSection
	GlobalSection(ExtensibilityGlobals) = postSolution
		SolutionGuid = {AFAE0433-97CB-4B28-9D71-653ABB0E217F}
	EndGlobalSection
EndGlobal
