
Microsoft Visual Studio Solution File, Format Version 12.00
# Visual Studio Version 17
VisualStudioVersion = 17.11.35312.102
MinimumVisualStudioVersion = 10.0.40219.1
Project("{FAE04EC0-301F-11D3-BF4B-00C04F79EFBC}") = "ClassInheritance", "ClassInheritance\ClassInheritance.csproj", "{61D7CB76-C16F-4A83-A48E-254F0A2044FA}"
EndProject
Global
	GlobalSection(SolutionConfigurationPlatforms) = preSolution
		Debug|Any CPU = Debug|Any CPU
		Release|Any CPU = Release|Any CPU
	EndGlobalSection
	GlobalSection(ProjectConfigurationPlatforms) = postSolution
		{61D7CB76-C16F-4A83-A48E-254F0A2044FA}.Debug|Any CPU.ActiveCfg = Debug|Any CPU
		{61D7CB76-C16F-4A83-A48E-254F0A2044FA}.Debug|Any CPU.Build.0 = Debug|Any CPU
		{61D7CB76-C16F-4A83-A48E-254F0A2044FA}.Release|Any CPU.ActiveCfg = Release|Any CPU
		{61D7CB76-C16F-4A83-A48E-254F0A2044FA}.Release|Any CPU.Build.0 = Release|Any CPU
	EndGlobalSection
	GlobalSection(SolutionProperties) = preSolution
		HideSolutionNode = FALSE
	EndGlobalSection
	GlobalSection(ExtensibilityGlobals) = postSolution
		SolutionGuid = {8FE3C010-8A44-43D7-857C-FC17465E82FD}
	EndGlobalSection
EndGlobal
