
Microsoft Visual Studio Solution File, Format Version 12.00
# Visual Studio Version 17
VisualStudioVersion = 17.11.35312.102
MinimumVisualStudioVersion = 10.0.40219.1
Project("{FAE04EC0-301F-11D3-BF4B-00C04F79EFBC}") = "GenericsCollections", "GenericsCollections\GenericsCollections.csproj", "{5E6CD7C8-7C58-43F1-BF9B-C0F9FE80CCF2}"
EndProject
Global
	GlobalSection(SolutionConfigurationPlatforms) = preSolution
		Debug|Any CPU = Debug|Any CPU
		Release|Any CPU = Release|Any CPU
	EndGlobalSection
	GlobalSection(ProjectConfigurationPlatforms) = postSolution
		{5E6CD7C8-7C58-43F1-BF9B-C0F9FE80CCF2}.Debug|Any CPU.ActiveCfg = Debug|Any CPU
		{5E6CD7C8-7C58-43F1-BF9B-C0F9FE80CCF2}.Debug|Any CPU.Build.0 = Debug|Any CPU
		{5E6CD7C8-7C58-43F1-BF9B-C0F9FE80CCF2}.Release|Any CPU.ActiveCfg = Release|Any CPU
		{5E6CD7C8-7C58-43F1-BF9B-C0F9FE80CCF2}.Release|Any CPU.Build.0 = Release|Any CPU
	EndGlobalSection
	GlobalSection(SolutionProperties) = preSolution
		HideSolutionNode = FALSE
	EndGlobalSection
	GlobalSection(ExtensibilityGlobals) = postSolution
		SolutionGuid = {F1524B1F-3E1E-433D-807D-5D6FA2E7C6AB}
	EndGlobalSection
EndGlobal
