
Microsoft Visual Studio Solution File, Format Version 12.00
# Visual Studio Version 17
VisualStudioVersion = 17.11.35312.102
MinimumVisualStudioVersion = 10.0.40219.1
Project("{FAE04EC0-301F-11D3-BF4B-00C04F79EFBC}") = "Casting", "Casting\Casting.csproj", "{4C331046-4C89-4E48-B33B-06EE9B84C9DF}"
EndProject
Global
	GlobalSection(SolutionConfigurationPlatforms) = preSolution
		Debug|Any CPU = Debug|Any CPU
		Release|Any CPU = Release|Any CPU
	EndGlobalSection
	GlobalSection(ProjectConfigurationPlatforms) = postSolution
		{4C331046-4C89-4E48-B33B-06EE9B84C9DF}.Debug|Any CPU.ActiveCfg = Debug|Any CPU
		{4C331046-4C89-4E48-B33B-06EE9B84C9DF}.Debug|Any CPU.Build.0 = Debug|Any CPU
		{4C331046-4C89-4E48-B33B-06EE9B84C9DF}.Release|Any CPU.ActiveCfg = Release|Any CPU
		{4C331046-4C89-4E48-B33B-06EE9B84C9DF}.Release|Any CPU.Build.0 = Release|Any CPU
	EndGlobalSection
	GlobalSection(SolutionProperties) = preSolution
		HideSolutionNode = FALSE
	EndGlobalSection
	GlobalSection(ExtensibilityGlobals) = postSolution
		SolutionGuid = {5DEA55EB-81D0-4E9E-ACD7-4BDED418CAD6}
	EndGlobalSection
EndGlobal
