
Microsoft Visual Studio Solution File, Format Version 12.00
# Visual Studio Version 17
VisualStudioVersion = 17.11.35312.102
MinimumVisualStudioVersion = 10.0.40219.1
Project("{FAE04EC0-301F-11D3-BF4B-00C04F79EFBC}") = "Methods", "Methods\Methods.csproj", "{35BE9F56-DF27-42A2-9124-023107DC04BD}"
EndProject
Global
	GlobalSection(SolutionConfigurationPlatforms) = preSolution
		Debug|Any CPU = Debug|Any CPU
		Release|Any CPU = Release|Any CPU
	EndGlobalSection
	GlobalSection(ProjectConfigurationPlatforms) = postSolution
		{35BE9F56-DF27-42A2-9124-023107DC04BD}.Debug|Any CPU.ActiveCfg = Debug|Any CPU
		{35BE9F56-DF27-42A2-9124-023107DC04BD}.Debug|Any CPU.Build.0 = Debug|Any CPU
		{35BE9F56-DF27-42A2-9124-023107DC04BD}.Release|Any CPU.ActiveCfg = Release|Any CPU
		{35BE9F56-DF27-42A2-9124-023107DC04BD}.Release|Any CPU.Build.0 = Release|Any CPU
	EndGlobalSection
	GlobalSection(SolutionProperties) = preSolution
		HideSolutionNode = FALSE
	EndGlobalSection
	GlobalSection(ExtensibilityGlobals) = postSolution
		SolutionGuid = {43B4236E-BE5C-474A-88DC-5EFDE29710D5}
	EndGlobalSection
EndGlobal
