
Microsoft Visual Studio Solution File, Format Version 12.00
# Visual Studio Version 17
VisualStudioVersion = 17.10.35013.160
MinimumVisualStudioVersion = 10.0.40219.1
Project("{FAE04EC0-301F-11D3-BF4B-00C04F79EFBC}") = "Loops", "Loops\Loops.csproj", "{D6CF1E52-762C-4EBC-A428-F581A9C58942}"
EndProject
Global
	GlobalSection(SolutionConfigurationPlatforms) = preSolution
		Debug|Any CPU = Debug|Any CPU
		Release|Any CPU = Release|Any CPU
	EndGlobalSection
	GlobalSection(ProjectConfigurationPlatforms) = postSolution
		{D6CF1E52-762C-4EBC-A428-F581A9C58942}.Debug|Any CPU.ActiveCfg = Debug|Any CPU
		{D6CF1E52-762C-4EBC-A428-F581A9C58942}.Debug|Any CPU.Build.0 = Debug|Any CPU
		{D6CF1E52-762C-4EBC-A428-F581A9C58942}.Release|Any CPU.ActiveCfg = Release|Any CPU
		{D6CF1E52-762C-4EBC-A428-F581A9C58942}.Release|Any CPU.Build.0 = Release|Any CPU
	EndGlobalSection
	GlobalSection(SolutionProperties) = preSolution
		HideSolutionNode = FALSE
	EndGlobalSection
	GlobalSection(ExtensibilityGlobals) = postSolution
		SolutionGuid = {73C529CC-BE4B-43E1-8662-175B77ED7E57}
	EndGlobalSection
EndGlobal
