
Microsoft Visual Studio Solution File, Format Version 12.00
# Visual Studio Version 17
VisualStudioVersion = 17.10.35013.160
MinimumVisualStudioVersion = 10.0.40219.1
Project("{FAE04EC0-301F-11D3-BF4B-00C04F79EFBC}") = "Arrays", "Arrays\Arrays.csproj", "{02B83EC4-4870-4929-98DD-F68346C585EB}"
EndProject
Global
	GlobalSection(SolutionConfigurationPlatforms) = preSolution
		Debug|Any CPU = Debug|Any CPU
		Release|Any CPU = Release|Any CPU
	EndGlobalSection
	GlobalSection(ProjectConfigurationPlatforms) = postSolution
		{02B83EC4-4870-4929-98DD-F68346C585EB}.Debug|Any CPU.ActiveCfg = Debug|Any CPU
		{02B83EC4-4870-4929-98DD-F68346C585EB}.Debug|Any CPU.Build.0 = Debug|Any CPU
		{02B83EC4-4870-4929-98DD-F68346C585EB}.Release|Any CPU.ActiveCfg = Release|Any CPU
		{02B83EC4-4870-4929-98DD-F68346C585EB}.Release|Any CPU.Build.0 = Release|Any CPU
	EndGlobalSection
	GlobalSection(SolutionProperties) = preSolution
		HideSolutionNode = FALSE
	EndGlobalSection
	GlobalSection(ExtensibilityGlobals) = postSolution
		SolutionGuid = {E1ABE6F5-4B7F-4206-9826-76633218A7B6}
	EndGlobalSection
EndGlobal
