
Microsoft Visual Studio Solution File, Format Version 12.00
# Visual Studio Version 17
VisualStudioVersion = 17.11.35312.102
MinimumVisualStudioVersion = 10.0.40219.1
Project("{FAE04EC0-301F-11D3-BF4B-00C04F79EFBC}") = "RefOut", "RefOut\RefOut.csproj", "{B55D536F-CA68-49A8-83F4-70751AD5230C}"
EndProject
Global
	GlobalSection(SolutionConfigurationPlatforms) = preSolution
		Debug|Any CPU = Debug|Any CPU
		Release|Any CPU = Release|Any CPU
	EndGlobalSection
	GlobalSection(ProjectConfigurationPlatforms) = postSolution
		{B55D536F-CA68-49A8-83F4-70751AD5230C}.Debug|Any CPU.ActiveCfg = Debug|Any CPU
		{B55D536F-CA68-49A8-83F4-70751AD5230C}.Debug|Any CPU.Build.0 = Debug|Any CPU
		{B55D536F-CA68-49A8-83F4-70751AD5230C}.Release|Any CPU.ActiveCfg = Release|Any CPU
		{B55D536F-CA68-49A8-83F4-70751AD5230C}.Release|Any CPU.Build.0 = Release|Any CPU
	EndGlobalSection
	GlobalSection(SolutionProperties) = preSolution
		HideSolutionNode = FALSE
	EndGlobalSection
	GlobalSection(ExtensibilityGlobals) = postSolution
		SolutionGuid = {A2BBA5A7-83C2-493F-86F9-4A9FA3CF3836}
	EndGlobalSection
EndGlobal
