
Microsoft Visual Studio Solution File, Format Version 12.00
# Visual Studio Version 17
VisualStudioVersion = 17.11.35312.102
MinimumVisualStudioVersion = 10.0.40219.1
Project("{FAE04EC0-301F-11D3-BF4B-00C04F79EFBC}") = "ExceptionReflection", "ExceptionReflection\ExceptionReflection.csproj", "{1AD4A213-BF8C-4B71-AE48-5BA60AB9C3BB}"
EndProject
Global
	GlobalSection(SolutionConfigurationPlatforms) = preSolution
		Debug|Any CPU = Debug|Any CPU
		Release|Any CPU = Release|Any CPU
	EndGlobalSection
	GlobalSection(ProjectConfigurationPlatforms) = postSolution
		{1AD4A213-BF8C-4B71-AE48-5BA60AB9C3BB}.Debug|Any CPU.ActiveCfg = Debug|Any CPU
		{1AD4A213-BF8C-4B71-AE48-5BA60AB9C3BB}.Debug|Any CPU.Build.0 = Debug|Any CPU
		{1AD4A213-BF8C-4B71-AE48-5BA60AB9C3BB}.Release|Any CPU.ActiveCfg = Release|Any CPU
		{1AD4A213-BF8C-4B71-AE48-5BA60AB9C3BB}.Release|Any CPU.Build.0 = Release|Any CPU
	EndGlobalSection
	GlobalSection(SolutionProperties) = preSolution
		HideSolutionNode = FALSE
	EndGlobalSection
	GlobalSection(ExtensibilityGlobals) = postSolution
		SolutionGuid = {27EC1C41-394B-4692-ACE4-971A7A4FA910}
	EndGlobalSection
EndGlobal
