
Microsoft Visual Studio Solution File, Format Version 12.00
# Visual Studio Version 17
VisualStudioVersion = 17.11.35312.102
MinimumVisualStudioVersion = 10.0.40219.1
Project("{FAE04EC0-301F-11D3-BF4B-00C04F79EFBC}") = "DelegateTask", "DelegateTask\DelegateTask.csproj", "{ADFFDD94-9766-434B-BBBE-93FF37DA810A}"
EndProject
Global
	GlobalSection(SolutionConfigurationPlatforms) = preSolution
		Debug|Any CPU = Debug|Any CPU
		Release|Any CPU = Release|Any CPU
	EndGlobalSection
	GlobalSection(ProjectConfigurationPlatforms) = postSolution
		{ADFFDD94-9766-434B-BBBE-93FF37DA810A}.Debug|Any CPU.ActiveCfg = Debug|Any CPU
		{ADFFDD94-9766-434B-BBBE-93FF37DA810A}.Debug|Any CPU.Build.0 = Debug|Any CPU
		{ADFFDD94-9766-434B-BBBE-93FF37DA810A}.Release|Any CPU.ActiveCfg = Release|Any CPU
		{ADFFDD94-9766-434B-BBBE-93FF37DA810A}.Release|Any CPU.Build.0 = Release|Any CPU
	EndGlobalSection
	GlobalSection(SolutionProperties) = preSolution
		HideSolutionNode = FALSE
	EndGlobalSection
	GlobalSection(ExtensibilityGlobals) = postSolution
		SolutionGuid = {E65C0874-4F83-4F2E-A3C8-D8C86E9D209F}
	EndGlobalSection
EndGlobal
