
Microsoft Visual Studio Solution File, Format Version 12.00
# Visual Studio Version 17
VisualStudioVersion = 17.11.35312.102
MinimumVisualStudioVersion = 10.0.40219.1
Project("{FAE04EC0-301F-11D3-BF4B-00C04F79EFBC}") = "AccessModifier2CL", "AccessModifier2CL\AccessModifier2CL.csproj", "{7956550D-80A3-4548-B0C7-1BACA2A8C10B}"
EndProject
Project("{FAE04EC0-301F-11D3-BF4B-00C04F79EFBC}") = "AB108", "AB108\AB108.csproj", "{9AD4A0E9-9FD2-4E26-9056-4A8D6A913520}"
EndProject
Project("{FAE04EC0-301F-11D3-BF4B-00C04F79EFBC}") = "ClassLibrary1", "ClassLibrary1\ClassLibrary1.csproj", "{C7170260-66EF-477C-A6B4-D23B43774751}"
EndProject
Global
	GlobalSection(SolutionConfigurationPlatforms) = preSolution
		Debug|Any CPU = Debug|Any CPU
		Release|Any CPU = Release|Any CPU
	EndGlobalSection
	GlobalSection(ProjectConfigurationPlatforms) = postSolution
		{7956550D-80A3-4548-B0C7-1BACA2A8C10B}.Debug|Any CPU.ActiveCfg = Debug|Any CPU
		{7956550D-80A3-4548-B0C7-1BACA2A8C10B}.Debug|Any CPU.Build.0 = Debug|Any CPU
		{7956550D-80A3-4548-B0C7-1BACA2A8C10B}.Release|Any CPU.ActiveCfg = Release|Any CPU
		{7956550D-80A3-4548-B0C7-1BACA2A8C10B}.Release|Any CPU.Build.0 = Release|Any CPU
		{9AD4A0E9-9FD2-4E26-9056-4A8D6A913520}.Debug|Any CPU.ActiveCfg = Debug|Any CPU
		{9AD4A0E9-9FD2-4E26-9056-4A8D6A913520}.Debug|Any CPU.Build.0 = Debug|Any CPU
		{9AD4A0E9-9FD2-4E26-9056-4A8D6A913520}.Release|Any CPU.ActiveCfg = Release|Any CPU
		{9AD4A0E9-9FD2-4E26-9056-4A8D6A913520}.Release|Any CPU.Build.0 = Release|Any CPU
		{C7170260-66EF-477C-A6B4-D23B43774751}.Debug|Any CPU.ActiveCfg = Debug|Any CPU
		{C7170260-66EF-477C-A6B4-D23B43774751}.Debug|Any CPU.Build.0 = Debug|Any CPU
		{C7170260-66EF-477C-A6B4-D23B43774751}.Release|Any CPU.ActiveCfg = Release|Any CPU
		{C7170260-66EF-477C-A6B4-D23B43774751}.Release|Any CPU.Build.0 = Release|Any CPU
	EndGlobalSection
	GlobalSection(SolutionProperties) = preSolution
		HideSolutionNode = FALSE
	EndGlobalSection
	GlobalSection(ExtensibilityGlobals) = postSolution
		SolutionGuid = {A95CBFE7-E67D-437A-8FBA-4CB96E3AA122}
	EndGlobalSection
EndGlobal
