
Microsoft Visual Studio Solution File, Format Version 12.00
# Visual Studio Version 17
VisualStudioVersion = 17.11.35312.102
MinimumVisualStudioVersion = 10.0.40219.1
Project("{FAE04EC0-301F-11D3-BF4B-00C04F79EFBC}") = "Asynchronous", "Asynchronous\Asynchronous.csproj", "{959CD090-2B8A-46DA-8270-6A565F86B800}"
EndProject
Global
	GlobalSection(SolutionConfigurationPlatforms) = preSolution
		Debug|Any CPU = Debug|Any CPU
		Release|Any CPU = Release|Any CPU
	EndGlobalSection
	GlobalSection(ProjectConfigurationPlatforms) = postSolution
		{959CD090-2B8A-46DA-8270-6A565F86B800}.Debug|Any CPU.ActiveCfg = Debug|Any CPU
		{959CD090-2B8A-46DA-8270-6A565F86B800}.Debug|Any CPU.Build.0 = Debug|Any CPU
		{959CD090-2B8A-46DA-8270-6A565F86B800}.Release|Any CPU.ActiveCfg = Release|Any CPU
		{959CD090-2B8A-46DA-8270-6A565F86B800}.Release|Any CPU.Build.0 = Release|Any CPU
	EndGlobalSection
	GlobalSection(SolutionProperties) = preSolution
		HideSolutionNode = FALSE
	EndGlobalSection
	GlobalSection(ExtensibilityGlobals) = postSolution
		SolutionGuid = {BDD5C4B4-911F-497C-B0B4-CBF2CED76A00}
	EndGlobalSection
EndGlobal
